{
  "name": "purescript-graphviz",
  "version": "1.0.0",
  "lockfileVersion": 1,
  "requires": true,
  "dependencies": {
    "viz.js": {
      "version": "1.8.2",
      "resolved": "https://registry.npmjs.org/viz.js/-/viz.js-1.8.2.tgz",
      "integrity": "sha512-W+1+N/hdzLpQZEcvz79n2IgUE9pfx6JLdHh3Kh8RGvLL8P1LdJVQmi2OsDcLdY4QVID4OUy+FPelyerX0nJxIQ=="
    }
  }
}
